// !$*UTF8*$!
{
	archiveVersion = 1;
	classes = {
	};
	objectVersion = 56;
	objects = {

/* Begin PBXBuildFile section */
		3B50DC202BBB07FB003CA30D /* LoginView.swift in Sources */ = {isa = PBXBuildFile; fileRef = 3B50DC1F2BBB07FB003CA30D /* LoginView.swift */; };
		3B50DC222BBB0909003CA30D /* SignupView.swift in Sources */ = {isa = PBXBuildFile; fileRef = 3B50DC212BBB0909003CA30D /* SignupView.swift */; };
		3B50DC242BBB09A5003CA30D /* ShoppingGalleryView.swift in Sources */ = {isa = PBXBuildFile; fileRef = 3B50DC232BBB09A5003CA30D /* ShoppingGalleryView.swift */; };
		3B50DC262BBB09EE003CA30D /* ProductRowView.swift in Sources */ = {isa = PBXBuildFile; fileRef = 3B50DC252BBB09EE003CA30D /* ProductRowView.swift */; };
		3B50DC282BBB0A2D003CA30D /* ProductDetailView.swift in Sources */ = {isa = PBXBuildFile; fileRef = 3B50DC272BBB0A2D003CA30D /* ProductDetailView.swift */; };
		3B50DC2A2BBB0A6F003CA30D /* CartView.swift in Sources */ = {isa = PBXBuildFile; fileRef = 3B50DC292BBB0A6F003CA30D /* CartView.swift */; };
		3B50DC2C2BBB0AA7003CA30D /* CartItemView.swift in Sources */ = {isa = PBXBuildFile; fileRef = 3B50DC2B2BBB0AA7003CA30D /* CartItemView.swift */; };
		3B50DC2E2BBB0B24003CA30D /* PaymentView.swift in Sources */ = {isa = PBXBuildFile; fileRef = 3B50DC2D2BBB0B24003CA30D /* PaymentView.swift */; };
		3B66DE8D2BB3F495006ADFE5 /* shopping_appApp.swift in Sources */ = {isa = PBXBuildFile; fileRef = 3B66DE8C2BB3F495006ADFE5 /* shopping_appApp.swift */; };
		3B66DE8F2BB3F495006ADFE5 /* ContentView.swift in Sources */ = {isa = PBXBuildFile; fileRef = 3B66DE8E2BB3F495006ADFE5 /* ContentView.swift */; };
		3B66DE912BB3F497006ADFE5 /* Assets.xcassets in Resources */ = {isa = PBXBuildFile; fileRef = 3B66DE902BB3F497006ADFE5 /* Assets.xcassets */; };
		3B66DE952BB3F497006ADFE5 /* Preview Assets.xcassets in Resources */ = {isa = PBXBuildFile; fileRef = 3B66DE942BB3F497006ADFE5 /* Preview Assets.xcassets */; };
/* End PBXBuildFile section */

/* Begin PBXFileReference section */
		3B50DC1F2BBB07FB003CA30D /* LoginView.swift */ = {isa = PBXFileReference; lastKnownFileType = sourcecode.swift; path = LoginView.swift; sourceTree = "<group>"; };
		3B50DC212BBB0909003CA30D /* SignupView.swift */ = {isa = PBXFileReference; lastKnownFileType = sourcecode.swift; path = SignupView.swift; sourceTree = "<group>"; };
		3B50DC232BBB09A5003CA30D /* ShoppingGalleryView.swift */ = {isa = PBXFileReference; lastKnownFileType = sourcecode.swift; path = ShoppingGalleryView.swift; sourceTree = "<group>"; };
		3B50DC252BBB09EE003CA30D /* ProductRowView.swift */ = {isa = PBXFileReference; lastKnownFileType = sourcecode.swift; path = ProductRowView.swift; sourceTree = "<group>"; };
		3B50DC272BBB0A2D003CA30D /* ProductDetailView.swift */ = {isa = PBXFileReference; lastKnownFileType = sourcecode.swift; path = ProductDetailView.swift; sourceTree = "<group>"; };
		3B50DC292BBB0A6F003CA30D /* CartView.swift */ = {isa = PBXFileReference; lastKnownFileType = sourcecode.swift; path = CartView.swift; sourceTree = "<group>"; };
		3B50DC2B2BBB0AA7003CA30D /* CartItemView.swift */ = {isa = PBXFileReference; lastKnownFileType = sourcecode.swift; path = CartItemView.swift; sourceTree = "<group>"; };
		3B50DC2D2BBB0B24003CA30D /* PaymentView.swift */ = {isa = PBXFileReference; lastKnownFileType = sourcecode.swift; path = PaymentView.swift; sourceTree = "<group>"; };
		3B66DE892BB3F495006ADFE5 /* shopping app.app */ = {isa = PBXFileReference; explicitFileType = wrapper.application; includeInIndex = 0; path = "shopping app.app"; sourceTree = BUILT_PRODUCTS_DIR; };
		3B66DE8C2BB3F495006ADFE5 /* shopping_appApp.swift */ = {isa = PBXFileReference; lastKnownFileType = sourcecode.swift; path = shopping_appApp.swift; sourceTree = "<group>"; };
		3B66DE8E2BB3F495006ADFE5 /* ContentView.swift */ = {isa = PBXFileReference; lastKnownFileType = sourcecode.swift; path = ContentView.swift; sourceTree = "<group>"; };
		3B66DE902BB3F497006ADFE5 /* Assets.xcassets */ = {isa = PBXFileReference; lastKnownFileType = folder.assetcatalog; path = Assets.xcassets; sourceTree = "<group>"; };
		3B66DE922BB3F497006ADFE5 /* shopping_app.entitlements */ = {isa = PBXFileReference; lastKnownFileType = text.plist.entitlements; path = shopping_app.entitlements; sourceTree = "<group>"; };
		3B66DE942BB3F497006ADFE5 /* Preview Assets.xcassets */ = {isa = PBXFileReference; lastKnownFileType = folder.assetcatalog; path = "Preview Assets.xcassets"; sourceTree = "<group>"; };
/* End PBXFileReference section */

/* Begin PBXFrameworksBuildPhase section */
		3B66DE862BB3F495006ADFE5 /* Frameworks */ = {
			isa = PBXFrameworksBuildPhase;
			buildActionMask = 2147483647;
			files = (
			);
			runOnlyForDeploymentPostprocessing = 0;
		};
/* End PBXFrameworksBuildPhase section */

/* Begin PBXGroup section */
		3B66DE802BB3F495006ADFE5 = {
			isa = PBXGroup;
			children = (
				3B66DE8B2BB3F495006ADFE5 /* shopping app */,
				3B66DE8A2BB3F495006ADFE5 /* Products */,
			);
			sourceTree = "<group>";
		};
		3B66DE8A2BB3F495006ADFE5 /* Products */ = {
			isa = PBXGroup;
			children = (
				3B66DE892BB3F495006ADFE5 /* shopping app.app */,
			);
			name = Products;
			sourceTree = "<group>";
		};
		3B66DE8B2BB3F495006ADFE5 /* shopping app */ = {
			isa = PBXGroup;
			children = (
				3B50DC1F2BBB07FB003CA30D /* LoginView.swift */,
				3B66DE8E2BB3F495006ADFE5 /* ContentView.swift */,
				3B50DC212BBB0909003CA30D /* SignupView.swift */,
				3B50DC232BBB09A5003CA30D /* ShoppingGalleryView.swift */,
				3B50DC252BBB09EE003CA30D /* ProductRowView.swift */,
				3B50DC272BBB0A2D003CA30D /* ProductDetailView.swift */,
				3B50DC292BBB0A6F003CA30D /* CartView.swift */,
				3B50DC2B2BBB0AA7003CA30D /* CartItemView.swift */,
				3B50DC2D2BBB0B24003CA30D /* PaymentView.swift */,
				3B66DE8C2BB3F495006ADFE5 /* shopping_appApp.swift */,
				3B66DE902BB3F497006ADFE5 /* Assets.xcassets */,
				3B66DE922BB3F497006ADFE5 /* shopping_app.entitlements */,
				3B66DE932BB3F497006ADFE5 /* Preview Content */,
			);
			path = "shopping app";
			sourceTree = "<group>";
		};
		3B66DE932BB3F497006ADFE5 /* Preview Content */ = {
			isa = PBXGroup;
			children = (
				3B66DE942BB3F497006ADFE5 /* Preview Assets.xcassets */,
			);
			path = "Preview Content";
			sourceTree = "<group>";
		};
/* End PBXGroup section */

/* Begin PBXNativeTarget section */
		3B66DE882BB3F495006ADFE5 /* shopping app */ = {
			isa = PBXNativeTarget;
			buildConfigurationList = 3B66DE982BB3F497006ADFE5 /* Build configuration list for PBXNativeTarget "shopping app" */;
			buildPhases = (
				3B66DE852BB3F495006ADFE5 /* Sources */,
				3B66DE862BB3F495006ADFE5 /* Frameworks */,
				3B66DE872BB3F495006ADFE5 /* Resources */,
			);
			buildRules = (
			);
			dependencies = (
			);
			name = "shopping app";
			productName = "shopping app";
			productReference = 3B66DE892BB3F495006ADFE5 /* shopping app.app */;
			productType = "com.apple.product-type.application";
		};
/* End PBXNativeTarget section */

/* Begin PBXProject section */
		3B66DE812BB3F495006ADFE5 /* Project object */ = {
			isa = PBXProject;
			attributes = {
				BuildIndependentTargetsInParallel = 1;
				LastSwiftUpdateCheck = 1530;
				LastUpgradeCheck = 1530;
				TargetAttributes = {
					3B66DE882BB3F495006ADFE5 = {
						CreatedOnToolsVersion = 15.3;
					};
				};
			};
			buildConfigurationList = 3B66DE842BB3F495006ADFE5 /* Build configuration list for PBXProject "shopping app" */;
			compatibilityVersion = "Xcode 14.0";
			developmentRegion = en;
			hasScannedForEncodings = 0;
			knownRegions = (
				en,
				Base,
			);
			mainGroup = 3B66DE802BB3F495006ADFE5;
			productRefGroup = 3B66DE8A2BB3F495006ADFE5 /* Products */;
			projectDirPath = "";
			projectRoot = "";
			targets = (
				3B66DE882BB3F495006ADFE5 /* shopping app */,
			);
		};
/* End PBXProject section */

/* Begin PBXResourcesBuildPhase section */
		3B66DE872BB3F495006ADFE5 /* Resources */ = {
			isa = PBXResourcesBuildPhase;
			buildActionMask = 2147483647;
			files = (
				3B66DE952BB3F497006ADFE5 /* Preview Assets.xcassets in Resources */,
				3B66DE912BB3F497006ADFE5 /* Assets.xcassets in Resources */,
			);
			runOnlyForDeploymentPostprocessing = 0;
		};
/* End PBXResourcesBuildPhase section */

/* Begin PBXSourcesBuildPhase section */
		3B66DE852BB3F495006ADFE5 /* Sources */ = {
			isa = PBXSourcesBuildPhase;
			buildActionMask = 2147483647;
			files = (
				3B50DC222BBB0909003CA30D /* SignupView.swift in Sources */,
				3B50DC282BBB0A2D003CA30D /* ProductDetailView.swift in Sources */,
				3B50DC262BBB09EE003CA30D /* ProductRowView.swift in Sources */,
				3B50DC2E2BBB0B24003CA30D /* PaymentView.swift in Sources */,
				3B50DC202BBB07FB003CA30D /* LoginView.swift in Sources */,
				3B66DE8F2BB3F495006ADFE5 /* ContentView.swift in Sources */,
				3B50DC242BBB09A5003CA30D /* ShoppingGalleryView.swift in Sources */,
				3B50DC2C2BBB0AA7003CA30D /* CartItemView.swift in Sources */,
				3B50DC2A2BBB0A6F003CA30D /* CartView.swift in Sources */,
				3B66DE8D2BB3F495006ADFE5 /* shopping_appApp.swift in Sources */,
			);
			runOnlyForDeploymentPostprocessing = 0;
		};
/* End PBXSourcesBuildPhase section */

/* Begin XCBuildConfiguration section */
		3B66DE962BB3F497006ADFE5 /* Debug */ = {
			isa = XCBuildConfiguration;
			buildSettings = {
				ALWAYS_SEARCH_USER_PATHS = NO;
				ASSETCATALOG_COMPILER_GENERATE_SWIFT_ASSET_SYMBOL_EXTENSIONS = YES;
				CLANG_ANALYZER_NONNULL = YES;
				CLANG_ANALYZER_NUMBER_OBJECT_CONVERSION = YES_AGGRESSIVE;
				CLANG_CXX_LANGUAGE_STANDARD = "gnu++20";
				CLANG_ENABLE_MODULES = YES;
				CLANG_ENABLE_OBJC_ARC = YES;
				CLANG_ENABLE_OBJC_WEAK = YES;
				CLANG_WARN_BLOCK_CAPTURE_AUTORELEASING = YES;
				CLANG_WARN_BOOL_CONVERSION = YES;
				CLANG_WARN_COMMA = YES;
				CLANG_WARN_CONSTANT_CONVERSION = YES;
				CLANG_WARN_DEPRECATED_OBJC_IMPLEMENTATIONS = YES;
				CLANG_WARN_DIRECT_OBJC_ISA_USAGE = YES_ERROR;
				CLANG_WARN_DOCUMENTATION_COMMENTS = YES;
				CLANG_WARN_EMPTY_BODY = YES;
				CLANG_WARN_ENUM_CONVERSION = YES;
				CLANG_WARN_INFINITE_RECURSION = YES;
				CLANG_WARN_INT_CONVERSION = YES;
				CLANG_WARN_NON_LITERAL_NULL_CONVERSION = YES;
				CLANG_WARN_OBJC_IMPLICIT_RETAIN_SELF = YES;
				CLANG_WARN_OBJC_LITERAL_CONVERSION = YES;
				CLANG_WARN_OBJC_ROOT_CLASS = YES_ERROR;
				CLANG_WARN_QUOTED_INCLUDE_IN_FRAMEWORK_HEADER = YES;
				CLANG_WARN_RANGE_LOOP_ANALYSIS = YES;
				CLANG_WARN_STRICT_PROTOTYPES = YES;
				CLANG_WARN_SUSPICIOUS_MOVE = YES;
				CLANG_WARN_UNGUARDED_AVAILABILITY = YES_AGGRESSIVE;
				CLANG_WARN_UNREACHABLE_CODE = YES;
				CLANG_WARN__DUPLICATE_METHOD_MATCH = YES;
				COPY_PHASE_STRIP = NO;
				DEBUG_INFORMATION_FORMAT = dwarf;
				ENABLE_STRICT_OBJC_MSGSEND = YES;
				ENABLE_TESTABILITY = YES;
				ENABLE_USER_SCRIPT_SANDBOXING = YES;
				GCC_C_LANGUAGE_STANDARD = gnu17;
				GCC_DYNAMIC_NO_PIC = NO;
				GCC_NO_COMMON_BLOCKS = YES;
				GCC_OPTIMIZATION_LEVEL = 0;
				GCC_PREPROCESSOR_DEFINITIONS = (
					"DEBUG=1",
					"$(inherited)",
				);
				GCC_WARN_64_TO_32_BIT_CONVERSION = YES;
				GCC_WARN_ABOUT_RETURN_TYPE = YES_ERROR;
				GCC_WARN_UNDECLARED_SELECTOR = YES;
				GCC_WARN_UNINITIALIZED_AUTOS = YES_AGGRESSIVE;
				GCC_WARN_UNUSED_FUNCTION = YES;
				GCC_WARN_UNUSED_VARIABLE = YES;
				LOCALIZATION_PREFERS_STRING_CATALOGS = YES;
				MTL_ENABLE_DEBUG_INFO = INCLUDE_SOURCE;
				MTL_FAST_MATH = YES;
				ONLY_ACTIVE_ARCH = YES;
				SWIFT_ACTIVE_COMPILATION_CONDITIONS = "DEBUG $(inherited)";
				SWIFT_OPTIMIZATION_LEVEL = "-Onone";
			};
			name = Debug;
		};
		3B66DE972BB3F497006ADFE5 /* Release */ = {
			isa = XCBuildConfiguration;
			buildSettings = {
				ALWAYS_SEARCH_USER_PATHS = NO;
				ASSETCATALOG_COMPILER_GENERATE_SWIFT_ASSET_SYMBOL_EXTENSIONS = YES;
				CLANG_ANALYZER_NONNULL = YES;
				CLANG_ANALYZER_NUMBER_OBJECT_CONVERSION = YES_AGGRESSIVE;
				CLANG_CXX_LANGUAGE_STANDARD = "gnu++20";
				CLANG_ENABLE_MODULES = YES;
				CLANG_ENABLE_OBJC_ARC = YES;
				CLANG_ENABLE_OBJC_WEAK = YES;
				CLANG_WARN_BLOCK_CAPTURE_AUTORELEASING = YES;
				CLANG_WARN_BOOL_CONVERSION = YES;
				CLANG_WARN_COMMA = YES;
				CLANG_WARN_CONSTANT_CONVERSION = YES;
				CLANG_WARN_DEPRECATED_OBJC_IMPLEMENTATIONS = YES;
				CLANG_WARN_DIRECT_OBJC_ISA_USAGE = YES_ERROR;
				CLANG_WARN_DOCUMENTATION_COMMENTS = YES;
				CLANG_WARN_EMPTY_BODY = YES;
				CLANG_WARN_ENUM_CONVERSION = YES;
				CLANG_WARN_INFINITE_RECURSION = YES;
				CLANG_WARN_INT_CONVERSION = YES;
				CLANG_WARN_NON_LITERAL_NULL_CONVERSION = YES;
				CLANG_WARN_OBJC_IMPLICIT_RETAIN_SELF = YES;
				CLANG_WARN_OBJC_LITERAL_CONVERSION = YES;
				CLANG_WARN_OBJC_ROOT_CLASS = YES_ERROR;
				CLANG_WARN_QUOTED_INCLUDE_IN_FRAMEWORK_HEADER = YES;
				CLANG_WARN_RANGE_LOOP_ANALYSIS = YES;
				CLANG_WARN_STRICT_PROTOTYPES = YES;
				CLANG_WARN_SUSPICIOUS_MOVE = YES;
				CLANG_WARN_UNGUARDED_AVAILABILITY = YES_AGGRESSIVE;
				CLANG_WARN_UNREACHABLE_CODE = YES;
				CLANG_WARN__DUPLICATE_METHOD_MATCH = YES;
				COPY_PHASE_STRIP = NO;
				DEBUG_INFORMATION_FORMAT = "dwarf-with-dsym";
				ENABLE_NS_ASSERTIONS = NO;
				ENABLE_STRICT_OBJC_MSGSEND = YES;
				ENABLE_USER_SCRIPT_SANDBOXING = YES;
				GCC_C_LANGUAGE_STANDARD = gnu17;
				GCC_NO_COMMON_BLOCKS = YES;
				GCC_WARN_64_TO_32_BIT_CONVERSION = YES;
				GCC_WARN_ABOUT_RETURN_TYPE = YES_ERROR;
				GCC_WARN_UNDECLARED_SELECTOR = YES;
				GCC_WARN_UNINITIALIZED_AUTOS = YES_AGGRESSIVE;
				GCC_WARN_UNUSED_FUNCTION = YES;
				GCC_WARN_UNUSED_VARIABLE = YES;
				LOCALIZATION_PREFERS_STRING_CATALOGS = YES;
				MTL_ENABLE_DEBUG_INFO = NO;
				MTL_FAST_MATH = YES;
				SWIFT_COMPILATION_MODE = wholemodule;
			};
			name = Release;
		};
		3B66DE992BB3F497006ADFE5 /* Debug */ = {
			isa = XCBuildConfiguration;
			buildSettings = {
				ASSETCATALOG_COMPILER_APPICON_NAME = AppIcon;
				ASSETCATALOG_COMPILER_GLOBAL_ACCENT_COLOR_NAME = AccentColor;
				CODE_SIGN_ENTITLEMENTS = "shopping app/shopping_app.entitlements";
				CODE_SIGN_STYLE = Automatic;
				CURRENT_PROJECT_VERSION = 1;
				DEVELOPMENT_ASSET_PATHS = "\"shopping app/Preview Content\"";
				ENABLE_PREVIEWS = YES;
				GENERATE_INFOPLIST_FILE = YES;
				"INFOPLIST_KEY_UIApplicationSceneManifest_Generation[sdk=iphoneos*]" = YES;
				"INFOPLIST_KEY_UIApplicationSceneManifest_Generation[sdk=iphonesimulator*]" = YES;
				"INFOPLIST_KEY_UIApplicationSupportsIndirectInputEvents[sdk=iphoneos*]" = YES;
				"INFOPLIST_KEY_UIApplicationSupportsIndirectInputEvents[sdk=iphonesimulator*]" = YES;
				"INFOPLIST_KEY_UILaunchScreen_Generation[sdk=iphoneos*]" = YES;
				"INFOPLIST_KEY_UILaunchScreen_Generation[sdk=iphonesimulator*]" = YES;
				"INFOPLIST_KEY_UIStatusBarStyle[sdk=iphoneos*]" = UIStatusBarStyleDefault;
				"INFOPLIST_KEY_UIStatusBarStyle[sdk=iphonesimulator*]" = UIStatusBarStyleDefault;
				INFOPLIST_KEY_UISupportedInterfaceOrientations_iPad = "UIInterfaceOrientationPortrait UIInterfaceOrientationPortraitUpsideDown UIInterfaceOrientationLandscapeLeft UIInterfaceOrientationLandscapeRight";
				INFOPLIST_KEY_UISupportedInterfaceOrientations_iPhone = "UIInterfaceOrientationPortrait UIInterfaceOrientationLandscapeLeft UIInterfaceOrientationLandscapeRight";
				IPHONEOS_DEPLOYMENT_TARGET = 17.4;
				LD_RUNPATH_SEARCH_PATHS = "@executable_path/Frameworks";
				"LD_RUNPATH_SEARCH_PATHS[sdk=macosx*]" = "@executable_path/../Frameworks";
				MACOSX_DEPLOYMENT_TARGET = 14.2;
				MARKETING_VERSION = 1.0;
				PRODUCT_BUNDLE_IDENTIFIER = "com.codeThilini.shopping-app";
				PRODUCT_NAME = "$(TARGET_NAME)";
				SDKROOT = auto;
				SUPPORTED_PLATFORMS = "iphoneos iphonesimulator macosx";
				SWIFT_EMIT_LOC_STRINGS = YES;
				SWIFT_VERSION = 5.0;
				TARGETED_DEVICE_FAMILY = "1,2";
			};
			name = Debug;
		};
		3B66DE9A2BB3F497006ADFE5 /* Release */ = {
			isa = XCBuildConfiguration;
			buildSettings = {
				ASSETCATALOG_COMPILER_APPICON_NAME = AppIcon;
				ASSETCATALOG_COMPILER_GLOBAL_ACCENT_COLOR_NAME = AccentColor;
				CODE_SIGN_ENTITLEMENTS = "shopping app/shopping_app.entitlements";
				CODE_SIGN_STYLE = Automatic;
				CURRENT_PROJECT_VERSION = 1;
				DEVELOPMENT_ASSET_PATHS = "\"shopping app/Preview Content\"";
				ENABLE_PREVIEWS = YES;
				GENERATE_INFOPLIST_FILE = YES;
				"INFOPLIST_KEY_UIApplicationSceneManifest_Generation[sdk=iphoneos*]" = YES;
				"INFOPLIST_KEY_UIApplicationSceneManifest_Generation[sdk=iphonesimulator*]" = YES;
				"INFOPLIST_KEY_UIApplicationSupportsIndirectInputEvents[sdk=iphoneos*]" = YES;
				"INFOPLIST_KEY_UIApplicationSupportsIndirectInputEvents[sdk=iphonesimulator*]" = YES;
				"INFOPLIST_KEY_UILaunchScreen_Generation[sdk=iphoneos*]" = YES;
				"INFOPLIST_KEY_UILaunchScreen_Generation[sdk=iphonesimulator*]" = YES;
				"INFOPLIST_KEY_UIStatusBarStyle[sdk=iphoneos*]" = UIStatusBarStyleDefault;
				"INFOPLIST_KEY_UIStatusBarStyle[sdk=iphonesimulator*]" = UIStatusBarStyleDefault;
				INFOPLIST_KEY_UISupportedInterfaceOrientations_iPad = "UIInterfaceOrientationPortrait UIInterfaceOrientationPortraitUpsideDown UIInterfaceOrientationLandscapeLeft UIInterfaceOrientationLandscapeRight";
				INFOPLIST_KEY_UISupportedInterfaceOrientations_iPhone = "UIInterfaceOrientationPortrait UIInterfaceOrientationLandscapeLeft UIInterfaceOrientationLandscapeRight";
				IPHONEOS_DEPLOYMENT_TARGET = 17.4;
				LD_RUNPATH_SEARCH_PATHS = "@executable_path/Frameworks";
				"LD_RUNPATH_SEARCH_PATHS[sdk=macosx*]" = "@executable_path/../Frameworks";
				MACOSX_DEPLOYMENT_TARGET = 14.2;
				MARKETING_VERSION = 1.0;
				PRODUCT_BUNDLE_IDENTIFIER = "com.codeThilini.shopping-app";
				PRODUCT_NAME = "$(TARGET_NAME)";
				SDKROOT = auto;
				SUPPORTED_PLATFORMS = "iphoneos iphonesimulator macosx";
				SWIFT_EMIT_LOC_STRINGS = YES;
				SWIFT_VERSION = 5.0;
				TARGETED_DEVICE_FAMILY = "1,2";
			};
			name = Release;
		};
/* End XCBuildConfiguration section */

/* Begin XCConfigurationList section */
		3B66DE842BB3F495006ADFE5 /* Build configuration list for PBXProject "shopping app" */ = {
			isa = XCConfigurationList;
			buildConfigurations = (
				3B66DE962BB3F497006ADFE5 /* Debug */,
				3B66DE972BB3F497006ADFE5 /* Release */,
			);
			defaultConfigurationIsVisible = 0;
			defaultConfigurationName = Release;
		};
		3B66DE982BB3F497006ADFE5 /* Build configuration list for PBXNativeTarget "shopping app" */ = {
			isa = XCConfigurationList;
			buildConfigurations = (
				3B66DE992BB3F497006ADFE5 /* Debug */,
				3B66DE9A2BB3F497006ADFE5 /* Release */,
			);
			defaultConfigurationIsVisible = 0;
			defaultConfigurationName = Release;
		};
/* End XCConfigurationList section */
	};
	rootObject = 3B66DE812BB3F495006ADFE5 /* Project object */;
}
